
Microsoft Visual Studio Solution File, Format Version 12.00
# Visual Studio Version 16
VisualStudioVersion = 16.0.30517.126
MinimumVisualStudioVersion = 10.0.40219.1
Project("{2150E333-8FDC-42A3-9474-1A3956D46DE8}") = "Entities", "Entities", "{785C40FD-C4D0-430C-8579-E00B0EDF3BF3}"
EndProject
Project("{2150E333-8FDC-42A3-9474-1A3956D46DE8}") = "DAL", "DAL", "{7B3496CB-605B-4863-B7BD-F4685B2AA4AD}"
EndProject
Project("{FAE04EC0-301F-11D3-BF4B-00C04F79EFBC}") = "Achievements.DAL", "Achievements.DAL\Achievements.DAL.csproj", "{929C6A4A-48F3-4C46-9048-938AAA85C141}"
EndProject
Project("{2150E333-8FDC-42A3-9474-1A3956D46DE8}") = "SQLScripts", "SQLScripts", "{848D2A6A-41B0-499A-A02E-10A2AA3A2727}"
	ProjectSection(SolutionItems) = preProject
		Achievements.SQLScripts\AchievementProc.sql = Achievements.SQLScripts\AchievementProc.sql
		Achievements.SQLScripts\CreateDataBase.sql = Achievements.SQLScripts\CreateDataBase.sql
		Achievements.SQLScripts\DeleteDataBase.sql = Achievements.SQLScripts\DeleteDataBase.sql
		Achievements.SQLScripts\UserProc.sql = Achievements.SQLScripts\UserProc.sql
		Achievements.SQLScripts\UtoAProc.sql = Achievements.SQLScripts\UtoAProc.sql
	EndProjectSection
EndProject
Project("{2150E333-8FDC-42A3-9474-1A3956D46DE8}") = "BLL", "BLL", "{97E3611E-53E9-4127-8ED7-F26FEFA3788A}"
EndProject
Project("{FAE04EC0-301F-11D3-BF4B-00C04F79EFBC}") = "Achievements.BLL", "Achievements.BLL\Achievements.BLL.csproj", "{F963E7AE-09AA-4C78-8F8F-212A2988CF91}"
EndProject
Project("{2150E333-8FDC-42A3-9474-1A3956D46DE8}") = "PL", "PL", "{003E0146-8F1D-4DDC-88F9-F5FA51500BE4}"
EndProject
Project("{2150E333-8FDC-42A3-9474-1A3956D46DE8}") = "DR", "DR", "{D92265BB-5DB4-4A34-8E97-D145F056BCE1}"
EndProject
Project("{FAE04EC0-301F-11D3-BF4B-00C04F79EFBC}") = "Achievements.DependencyResolver", "Achievements.DependencyResolver\Achievements.DependencyResolver.csproj", "{A54A3D30-5E8F-480E-A3B3-C90C3725C5CB}"
EndProject
Project("{FAE04EC0-301F-11D3-BF4B-00C04F79EFBC}") = "Achievements.MVC", "Achievements.MVC\Achievements.MVC.csproj", "{371E649D-F56C-421D-96F8-80E4424D1DAF}"
EndProject
Project("{FAE04EC0-301F-11D3-BF4B-00C04F79EFBC}") = "Achievements.Entities", "Achievements.Entities\Achievements.Entities.csproj", "{7001E0B0-6158-48E4-8A34-8E5772CE51CD}"
EndProject
Global
	GlobalSection(SolutionConfigurationPlatforms) = preSolution
		Debug|Any CPU = Debug|Any CPU
		Release|Any CPU = Release|Any CPU
	EndGlobalSection
	GlobalSection(ProjectConfigurationPlatforms) = postSolution
		{929C6A4A-48F3-4C46-9048-938AAA85C141}.Debug|Any CPU.ActiveCfg = Debug|Any CPU
		{929C6A4A-48F3-4C46-9048-938AAA85C141}.Debug|Any CPU.Build.0 = Debug|Any CPU
		{929C6A4A-48F3-4C46-9048-938AAA85C141}.Release|Any CPU.ActiveCfg = Release|Any CPU
		{929C6A4A-48F3-4C46-9048-938AAA85C141}.Release|Any CPU.Build.0 = Release|Any CPU
		{F963E7AE-09AA-4C78-8F8F-212A2988CF91}.Debug|Any CPU.ActiveCfg = Debug|Any CPU
		{F963E7AE-09AA-4C78-8F8F-212A2988CF91}.Debug|Any CPU.Build.0 = Debug|Any CPU
		{F963E7AE-09AA-4C78-8F8F-212A2988CF91}.Release|Any CPU.ActiveCfg = Release|Any CPU
		{F963E7AE-09AA-4C78-8F8F-212A2988CF91}.Release|Any CPU.Build.0 = Release|Any CPU
		{A54A3D30-5E8F-480E-A3B3-C90C3725C5CB}.Debug|Any CPU.ActiveCfg = Debug|Any CPU
		{A54A3D30-5E8F-480E-A3B3-C90C3725C5CB}.Debug|Any CPU.Build.0 = Debug|Any CPU
		{A54A3D30-5E8F-480E-A3B3-C90C3725C5CB}.Release|Any CPU.ActiveCfg = Release|Any CPU
		{A54A3D30-5E8F-480E-A3B3-C90C3725C5CB}.Release|Any CPU.Build.0 = Release|Any CPU
		{371E649D-F56C-421D-96F8-80E4424D1DAF}.Debug|Any CPU.ActiveCfg = Debug|Any CPU
		{371E649D-F56C-421D-96F8-80E4424D1DAF}.Debug|Any CPU.Build.0 = Debug|Any CPU
		{371E649D-F56C-421D-96F8-80E4424D1DAF}.Release|Any CPU.ActiveCfg = Release|Any CPU
		{371E649D-F56C-421D-96F8-80E4424D1DAF}.Release|Any CPU.Build.0 = Release|Any CPU
		{7001E0B0-6158-48E4-8A34-8E5772CE51CD}.Debug|Any CPU.ActiveCfg = Debug|Any CPU
		{7001E0B0-6158-48E4-8A34-8E5772CE51CD}.Debug|Any CPU.Build.0 = Debug|Any CPU
		{7001E0B0-6158-48E4-8A34-8E5772CE51CD}.Release|Any CPU.ActiveCfg = Release|Any CPU
		{7001E0B0-6158-48E4-8A34-8E5772CE51CD}.Release|Any CPU.Build.0 = Release|Any CPU
	EndGlobalSection
	GlobalSection(SolutionProperties) = preSolution
		HideSolutionNode = FALSE
	EndGlobalSection
	GlobalSection(NestedProjects) = preSolution
		{929C6A4A-48F3-4C46-9048-938AAA85C141} = {7B3496CB-605B-4863-B7BD-F4685B2AA4AD}
		{F963E7AE-09AA-4C78-8F8F-212A2988CF91} = {97E3611E-53E9-4127-8ED7-F26FEFA3788A}
		{A54A3D30-5E8F-480E-A3B3-C90C3725C5CB} = {D92265BB-5DB4-4A34-8E97-D145F056BCE1}
		{371E649D-F56C-421D-96F8-80E4424D1DAF} = {003E0146-8F1D-4DDC-88F9-F5FA51500BE4}
		{7001E0B0-6158-48E4-8A34-8E5772CE51CD} = {785C40FD-C4D0-430C-8579-E00B0EDF3BF3}
	EndGlobalSection
	GlobalSection(ExtensibilityGlobals) = postSolution
		SolutionGuid = {0DD7A598-5476-4318-990F-ACE48FFF1F7F}
	EndGlobalSection
EndGlobal
